
Microsoft Visual Studio Solution File, Format Version 12.00
# Visual Studio 2013
VisualStudioVersion = 12.0.30723.0
MinimumVisualStudioVersion = 10.0.40219.1
Project("{FAE04EC0-301F-11D3-BF4B-00C04F79EFBC}") = "SignalR-TicTacToe.Web", "SignalR-TicTacToe.Web\SignalR-TicTacToe.Web.csproj", "{2DE2D108-E246-4108-9506-9DC372F4CA96}"
EndProject
Project("{2150E333-8FDC-42A3-9474-1A3956D46DE8}") = ".nuget", ".nuget", "{AF9CF372-4235-42CA-BC3C-032D8E4E4CBE}"
	ProjectSection(SolutionItems) = preProject
		.nuget\NuGet.Config = .nuget\NuGet.Config
		.nuget\NuGet.exe = .nuget\NuGet.exe
		.nuget\NuGet.targets = .nuget\NuGet.targets
	EndProjectSection
EndProject
Global
	GlobalSection(SolutionConfigurationPlatforms) = preSolution
		Debug|Any CPU = Debug|Any CPU
		Release|Any CPU = Release|Any CPU
	EndGlobalSection
	GlobalSection(ProjectConfigurationPlatforms) = postSolution
		{2DE2D108-E246-4108-9506-9DC372F4CA96}.Debug|Any CPU.ActiveCfg = Debug|Any CPU
		{2DE2D108-E246-4108-9506-9DC372F4CA96}.Debug|Any CPU.Build.0 = Debug|Any CPU
		{2DE2D108-E246-4108-9506-9DC372F4CA96}.Release|Any CPU.ActiveCfg = Release|Any CPU
		{2DE2D108-E246-4108-9506-9DC372F4CA96}.Release|Any CPU.Build.0 = Release|Any CPU
	EndGlobalSection
	GlobalSection(SolutionProperties) = preSolution
		HideSolutionNode = FALSE
	EndGlobalSection
EndGlobal
